<?xml version="1.0" encoding="UTF-8"?>
<CodeBlocks_project_file>
	<FileVersion major="1" minor="6"/>
	<Project>
		<Option title="SLISC0"/>
		<Option makefile_is_custom="1"/>
		<Option compiler="gcc"/>
		<Option virtualFolders="CMake Files\;"/>
		<Build>
			<Target title="all">
				<Option working_dir="/mnt/c/Users/addis/Documents/GitHub/SLISC0"/>
				<Option type="4"/>
				<MakeCommands>
					<Build command="/usr/bin/make -f &quot;/mnt/c/Users/addis/Documents/GitHub/SLISC0/Makefile&quot;  VERBOSE=1 all"/>
					<CompileFile command="/usr/bin/make -f &quot;/mnt/c/Users/addis/Documents/GitHub/SLISC0/Makefile&quot;  VERBOSE=1 &quot;$file&quot;"/>
					<Clean command="/usr/bin/make -f &quot;/mnt/c/Users/addis/Documents/GitHub/SLISC0/Makefile&quot;  VERBOSE=1 clean"/>
					<DistClean command="/usr/bin/make -f &quot;/mnt/c/Users/addis/Documents/GitHub/SLISC0/Makefile&quot;  VERBOSE=1 clean"/>
				</MakeCommands>
			</Target>
			<Target title="rebuild_cache">
				<Option working_dir="/mnt/c/Users/addis/Documents/GitHub/SLISC0"/>
				<Option type="4"/>
				<MakeCommands>
					<Build command="/usr/bin/make -f &quot;/mnt/c/Users/addis/Documents/GitHub/SLISC0/Makefile&quot;  VERBOSE=1 rebuild_cache"/>
					<CompileFile command="/usr/bin/make -f &quot;/mnt/c/Users/addis/Documents/GitHub/SLISC0/Makefile&quot;  VERBOSE=1 &quot;$file&quot;"/>
					<Clean command="/usr/bin/make -f &quot;/mnt/c/Users/addis/Documents/GitHub/SLISC0/Makefile&quot;  VERBOSE=1 clean"/>
					<DistClean command="/usr/bin/make -f &quot;/mnt/c/Users/addis/Documents/GitHub/SLISC0/Makefile&quot;  VERBOSE=1 clean"/>
				</MakeCommands>
			</Target>
			<Target title="main.x">
				<Option output="/mnt/c/Users/addis/Documents/GitHub/SLISC0/main.x" prefix_auto="0" extension_auto="0"/>
				<Option working_dir="/mnt/c/Users/addis/Documents/GitHub/SLISC0"/>
				<Option object_output="./"/>
				<Option type="1"/>
				<Option compiler="gcc"/>
				<Compiler>
					<Add directory="/mnt/c/Users/addis/Documents/GitHub/SLISC0/../boost-headers"/>
					<Add directory="/mnt/c/Users/addis/Documents/GitHub/SLISC0/../EigenTest/Eigen"/>
					<Add directory="/usr/include/flint"/>
					<Add directory="/mnt/c/Users/addis/Documents/GitHub/SLISC0/../MatFile_linux/include"/>
				</Compiler>
				<MakeCommands>
					<Build command="/usr/bin/make -f &quot;/mnt/c/Users/addis/Documents/GitHub/SLISC0/Makefile&quot;  VERBOSE=1 main.x"/>
					<CompileFile command="/usr/bin/make -f &quot;/mnt/c/Users/addis/Documents/GitHub/SLISC0/Makefile&quot;  VERBOSE=1 &quot;$file&quot;"/>
					<Clean command="/usr/bin/make -f &quot;/mnt/c/Users/addis/Documents/GitHub/SLISC0/Makefile&quot;  VERBOSE=1 clean"/>
					<DistClean command="/usr/bin/make -f &quot;/mnt/c/Users/addis/Documents/GitHub/SLISC0/Makefile&quot;  VERBOSE=1 clean"/>
				</MakeCommands>
			</Target>
			<Target title="main.x/fast">
				<Option output="/mnt/c/Users/addis/Documents/GitHub/SLISC0/main.x" prefix_auto="0" extension_auto="0"/>
				<Option working_dir="/mnt/c/Users/addis/Documents/GitHub/SLISC0"/>
				<Option object_output="./"/>
				<Option type="1"/>
				<Option compiler="gcc"/>
				<Compiler>
					<Add directory="/mnt/c/Users/addis/Documents/GitHub/SLISC0/../boost-headers"/>
					<Add directory="/mnt/c/Users/addis/Documents/GitHub/SLISC0/../EigenTest/Eigen"/>
					<Add directory="/usr/include/flint"/>
					<Add directory="/mnt/c/Users/addis/Documents/GitHub/SLISC0/../MatFile_linux/include"/>
				</Compiler>
				<MakeCommands>
					<Build command="/usr/bin/make -f &quot;/mnt/c/Users/addis/Documents/GitHub/SLISC0/Makefile&quot;  VERBOSE=1 main.x/fast"/>
					<CompileFile command="/usr/bin/make -f &quot;/mnt/c/Users/addis/Documents/GitHub/SLISC0/Makefile&quot;  VERBOSE=1 &quot;$file&quot;"/>
					<Clean command="/usr/bin/make -f &quot;/mnt/c/Users/addis/Documents/GitHub/SLISC0/Makefile&quot;  VERBOSE=1 clean"/>
					<DistClean command="/usr/bin/make -f &quot;/mnt/c/Users/addis/Documents/GitHub/SLISC0/Makefile&quot;  VERBOSE=1 clean"/>
				</MakeCommands>
			</Target>
			<Target title="edit_cache">
				<Option working_dir="/mnt/c/Users/addis/Documents/GitHub/SLISC0"/>
				<Option type="4"/>
				<MakeCommands>
					<Build command="/usr/bin/make -f &quot;/mnt/c/Users/addis/Documents/GitHub/SLISC0/Makefile&quot;  VERBOSE=1 edit_cache"/>
					<CompileFile command="/usr/bin/make -f &quot;/mnt/c/Users/addis/Documents/GitHub/SLISC0/Makefile&quot;  VERBOSE=1 &quot;$file&quot;"/>
					<Clean command="/usr/bin/make -f &quot;/mnt/c/Users/addis/Documents/GitHub/SLISC0/Makefile&quot;  VERBOSE=1 clean"/>
					<DistClean command="/usr/bin/make -f &quot;/mnt/c/Users/addis/Documents/GitHub/SLISC0/Makefile&quot;  VERBOSE=1 clean"/>
				</MakeCommands>
			</Target>
		</Build>
		<Unit filename="/mnt/c/Users/addis/Documents/GitHub/SLISC0/main.cpp">
			<Option target="main.x"/>
		</Unit>
		<Unit filename="/mnt/c/Users/addis/Documents/GitHub/SLISC0/test/test_Bit.cpp">
			<Option target="main.x"/>
		</Unit>
		<Unit filename="/mnt/c/Users/addis/Documents/GitHub/SLISC0/test/test_Cmat.cpp">
			<Option target="main.x"/>
		</Unit>
		<Unit filename="/mnt/c/Users/addis/Documents/GitHub/SLISC0/test/test_Cmat3.cpp">
			<Option target="main.x"/>
		</Unit>
		<Unit filename="/mnt/c/Users/addis/Documents/GitHub/SLISC0/test/test_Cmat4.cpp">
			<Option target="main.x"/>
		</Unit>
		<Unit filename="/mnt/c/Users/addis/Documents/GitHub/SLISC0/test/test_Cmobd.cpp">
			<Option target="main.x"/>
		</Unit>
		<Unit filename="/mnt/c/Users/addis/Documents/GitHub/SLISC0/test/test_Dcmat.cpp">
			<Option target="main.x"/>
		</Unit>
		<Unit filename="/mnt/c/Users/addis/Documents/GitHub/SLISC0/test/test_Dvec.cpp">
			<Option target="main.x"/>
		</Unit>
		<Unit filename="/mnt/c/Users/addis/Documents/GitHub/SLISC0/test/test_Imag.cpp">
			<Option target="main.x"/>
		</Unit>
		<Unit filename="/mnt/c/Users/addis/Documents/GitHub/SLISC0/test/test_Mat.cpp">
			<Option target="main.x"/>
		</Unit>
		<Unit filename="/mnt/c/Users/addis/Documents/GitHub/SLISC0/test/test_Mcoo.cpp">
			<Option target="main.x"/>
		</Unit>
		<Unit filename="/mnt/c/Users/addis/Documents/GitHub/SLISC0/test/test_Scmat.cpp">
			<Option target="main.x"/>
		</Unit>
		<Unit filename="/mnt/c/Users/addis/Documents/GitHub/SLISC0/test/test_Scmat3.cpp">
			<Option target="main.x"/>
		</Unit>
		<Unit filename="/mnt/c/Users/addis/Documents/GitHub/SLISC0/test/test_Svec.cpp">
			<Option target="main.x"/>
		</Unit>
		<Unit filename="/mnt/c/Users/addis/Documents/GitHub/SLISC0/test/test_Vbase.cpp">
			<Option target="main.x"/>
		</Unit>
		<Unit filename="/mnt/c/Users/addis/Documents/GitHub/SLISC0/test/test_Vec.cpp">
			<Option target="main.x"/>
		</Unit>
		<Unit filename="/mnt/c/Users/addis/Documents/GitHub/SLISC0/test/test_anglib.cpp">
			<Option target="main.x"/>
		</Unit>
		<Unit filename="/mnt/c/Users/addis/Documents/GitHub/SLISC0/test/test_arb.cpp">
			<Option target="main.x"/>
		</Unit>
		<Unit filename="/mnt/c/Users/addis/Documents/GitHub/SLISC0/test/test_arithmetic.cpp">
			<Option target="main.x"/>
		</Unit>
		<Unit filename="/mnt/c/Users/addis/Documents/GitHub/SLISC0/test/test_arpack.cpp">
			<Option target="main.x"/>
		</Unit>
		<Unit filename="/mnt/c/Users/addis/Documents/GitHub/SLISC0/test/test_band.cpp">
			<Option target="main.x"/>
		</Unit>
		<Unit filename="/mnt/c/Users/addis/Documents/GitHub/SLISC0/test/test_bisection.cpp">
			<Option target="main.x"/>
		</Unit>
		<Unit filename="/mnt/c/Users/addis/Documents/GitHub/SLISC0/test/test_boost.cpp">
			<Option target="main.x"/>
		</Unit>
		<Unit filename="/mnt/c/Users/addis/Documents/GitHub/SLISC0/test/test_compare.cpp">
			<Option target="main.x"/>
		</Unit>
		<Unit filename="/mnt/c/Users/addis/Documents/GitHub/SLISC0/test/test_complex_arith.cpp">
			<Option target="main.x"/>
		</Unit>
		<Unit filename="/mnt/c/Users/addis/Documents/GitHub/SLISC0/test/test_copy.cpp">
			<Option target="main.x"/>
		</Unit>
		<Unit filename="/mnt/c/Users/addis/Documents/GitHub/SLISC0/test/test_coulomb.cpp">
			<Option target="main.x"/>
		</Unit>
		<Unit filename="/mnt/c/Users/addis/Documents/GitHub/SLISC0/test/test_cpp11.cpp">
			<Option target="main.x"/>
		</Unit>
		<Unit filename="/mnt/c/Users/addis/Documents/GitHub/SLISC0/test/test_cut.cpp">
			<Option target="main.x"/>
		</Unit>
		<Unit filename="/mnt/c/Users/addis/Documents/GitHub/SLISC0/test/test_dense.cpp">
			<Option target="main.x"/>
		</Unit>
		<Unit filename="/mnt/c/Users/addis/Documents/GitHub/SLISC0/test/test_disp.cpp">
			<Option target="main.x"/>
		</Unit>
		<Unit filename="/mnt/c/Users/addis/Documents/GitHub/SLISC0/test/test_eig.cpp">
			<Option target="main.x"/>
		</Unit>
		<Unit filename="/mnt/c/Users/addis/Documents/GitHub/SLISC0/test/test_eigen.cpp">
			<Option target="main.x"/>
		</Unit>
		<Unit filename="/mnt/c/Users/addis/Documents/GitHub/SLISC0/test/test_expokit.cpp">
			<Option target="main.x"/>
		</Unit>
		<Unit filename="/mnt/c/Users/addis/Documents/GitHub/SLISC0/test/test_fedvr.cpp">
			<Option target="main.x"/>
		</Unit>
		<Unit filename="/mnt/c/Users/addis/Documents/GitHub/SLISC0/test/test_fft.cpp">
			<Option target="main.x"/>
		</Unit>
		<Unit filename="/mnt/c/Users/addis/Documents/GitHub/SLISC0/test/test_file.cpp">
			<Option target="main.x"/>
		</Unit>
		<Unit filename="/mnt/c/Users/addis/Documents/GitHub/SLISC0/test/test_global.cpp">
			<Option target="main.x"/>
		</Unit>
		<Unit filename="/mnt/c/Users/addis/Documents/GitHub/SLISC0/test/test_gsl.cpp">
			<Option target="main.x"/>
		</Unit>
		<Unit filename="/mnt/c/Users/addis/Documents/GitHub/SLISC0/test/test_hydrogen.cpp">
			<Option target="main.x"/>
		</Unit>
		<Unit filename="/mnt/c/Users/addis/Documents/GitHub/SLISC0/test/test_hypergeom.cpp">
			<Option target="main.x"/>
		</Unit>
		<Unit filename="/mnt/c/Users/addis/Documents/GitHub/SLISC0/test/test_input.cpp">
			<Option target="main.x"/>
		</Unit>
		<Unit filename="/mnt/c/Users/addis/Documents/GitHub/SLISC0/test/test_interp1.cpp">
			<Option target="main.x"/>
		</Unit>
		<Unit filename="/mnt/c/Users/addis/Documents/GitHub/SLISC0/test/test_lanczos.cpp">
			<Option target="main.x"/>
		</Unit>
		<Unit filename="/mnt/c/Users/addis/Documents/GitHub/SLISC0/test/test_legendreP.cpp">
			<Option target="main.x"/>
		</Unit>
		<Unit filename="/mnt/c/Users/addis/Documents/GitHub/SLISC0/test/test_lin_eq.cpp">
			<Option target="main.x"/>
		</Unit>
		<Unit filename="/mnt/c/Users/addis/Documents/GitHub/SLISC0/test/test_linbcg.cpp">
			<Option target="main.x"/>
		</Unit>
		<Unit filename="/mnt/c/Users/addis/Documents/GitHub/SLISC0/test/test_linux.cpp">
			<Option target="main.x"/>
		</Unit>
		<Unit filename="/mnt/c/Users/addis/Documents/GitHub/SLISC0/test/test_mat_fun.cpp">
			<Option target="main.x"/>
		</Unit>
		<Unit filename="/mnt/c/Users/addis/Documents/GitHub/SLISC0/test/test_matb.cpp">
			<Option target="main.x"/>
		</Unit>
		<Unit filename="/mnt/c/Users/addis/Documents/GitHub/SLISC0/test/test_matfile.cpp">
			<Option target="main.x"/>
		</Unit>
		<Unit filename="/mnt/c/Users/addis/Documents/GitHub/SLISC0/test/test_matt.cpp">
			<Option target="main.x"/>
		</Unit>
		<Unit filename="/mnt/c/Users/addis/Documents/GitHub/SLISC0/test/test_quad_math.cpp">
			<Option target="main.x"/>
		</Unit>
		<Unit filename="/mnt/c/Users/addis/Documents/GitHub/SLISC0/test/test_random.cpp">
			<Option target="main.x"/>
		</Unit>
		<Unit filename="/mnt/c/Users/addis/Documents/GitHub/SLISC0/test/test_scalar_arith.cpp">
			<Option target="main.x"/>
		</Unit>
		<Unit filename="/mnt/c/Users/addis/Documents/GitHub/SLISC0/test/test_search.cpp">
			<Option target="main.x"/>
		</Unit>
		<Unit filename="/mnt/c/Users/addis/Documents/GitHub/SLISC0/test/test_sha1sum.cpp">
			<Option target="main.x"/>
		</Unit>
		<Unit filename="/mnt/c/Users/addis/Documents/GitHub/SLISC0/test/test_sort.cpp">
			<Option target="main.x"/>
		</Unit>
		<Unit filename="/mnt/c/Users/addis/Documents/GitHub/SLISC0/test/test_sqlite.cpp">
			<Option target="main.x"/>
		</Unit>
		<Unit filename="/mnt/c/Users/addis/Documents/GitHub/SLISC0/test/test_string.cpp">
			<Option target="main.x"/>
		</Unit>
		<Unit filename="/mnt/c/Users/addis/Documents/GitHub/SLISC0/test/test_time.cpp">
			<Option target="main.x"/>
		</Unit>
		<Unit filename="/mnt/c/Users/addis/Documents/GitHub/SLISC0/test/test_unicode.cpp">
			<Option target="main.x"/>
		</Unit>
		<Unit filename="/mnt/c/Users/addis/Documents/GitHub/SLISC0/test/test_ylm.cpp">
			<Option target="main.x"/>
		</Unit>
		<Unit filename="/mnt/c/Users/addis/Documents/GitHub/SLISC0/CMakeLists.txt">
			<Option virtualFolder="CMake Files\"/>
		</Unit>
	</Project>
</CodeBlocks_project_file>
